{
  "name": "explained-quartet",
  "version": "0.0.1",
  "lockfileVersion": 1,
  "requires": true,
  "dependencies": {
    "quartet": {
      "version": "7.0.4",
      "resolved": "https://registry.npmjs.org/quartet/-/quartet-7.0.4.tgz",
      "integrity": "sha512-1C8NedkhlHdUXZUcNxZqAjekj8sFECt4y1+LYnoGKedhyEthAJaPRRkXLLt+NbUglMoJIFJJa2FT1NncFh9ctw=="
    }
  }
}
